
Microsoft Visual Studio Solution File, Format Version 12.00
# Visual Studio Version 16
VisualStudioVersion = 16.0.809.9
MinimumVisualStudioVersion = 10.0.40219.1
Project("{FAE04EC0-301F-11D3-BF4B-00C04F79EFBC}") = "MyGram115", "MyGram115\MyGram115.csproj", "{B6E36336-085C-4E33-98B4-ECB0EA6C61C1}"
EndProject
Global
	GlobalSection(SolutionConfigurationPlatforms) = preSolution
		Debug|Any CPU = Debug|Any CPU
		Release|Any CPU = Release|Any CPU
	EndGlobalSection
	GlobalSection(ProjectConfigurationPlatforms) = postSolution
		{B6E36336-085C-4E33-98B4-ECB0EA6C61C1}.Debug|Any CPU.ActiveCfg = Debug|Any CPU
		{B6E36336-085C-4E33-98B4-ECB0EA6C61C1}.Debug|Any CPU.Build.0 = Debug|Any CPU
		{B6E36336-085C-4E33-98B4-ECB0EA6C61C1}.Release|Any CPU.ActiveCfg = Release|Any CPU
		{B6E36336-085C-4E33-98B4-ECB0EA6C61C1}.Release|Any CPU.Build.0 = Release|Any CPU
	EndGlobalSection
	GlobalSection(SolutionProperties) = preSolution
		HideSolutionNode = FALSE
	EndGlobalSection
	GlobalSection(ExtensibilityGlobals) = postSolution
		SolutionGuid = {88BB7207-6BCE-4E5E-BFB2-1D8D6878E2AF}
	EndGlobalSection
EndGlobal
